
Microsoft Visual Studio Solution File, Format Version 12.00
# Visual Studio 2013
VisualStudioVersion = 12.0.31101.0
MinimumVisualStudioVersion = 10.0.40219.1
Project("{FAE04EC0-301F-11D3-BF4B-00C04F79EFBC}") = "NewsDb.Models", "NewsDb.Models\NewsDb.Models.csproj", "{05B11A82-A16C-4FFC-909A-43A5D8596DDD}"
EndProject
Project("{FAE04EC0-301F-11D3-BF4B-00C04F79EFBC}") = "NewsDb.Data", "NewsDb.Data\NewsDb.Data.csproj", "{D41FD340-1AF9-45D0-9FAE-5D20FA1461E0}"
EndProject
Project("{FAE04EC0-301F-11D3-BF4B-00C04F79EFBC}") = "NewsDb.ConsoleClient", "NewsDb.ConsoleClient\NewsDb.ConsoleClient.csproj", "{4459526C-20D2-4FD0-87E0-AA1F898EB9C3}"
EndProject
Project("{2150E333-8FDC-42A3-9474-1A3956D46DE8}") = "NewsDb", "NewsDb", "{ECD9AF25-8F62-4392-A632-4E713DD6F170}"
EndProject
Project("{2150E333-8FDC-42A3-9474-1A3956D46DE8}") = "ATMDatabase", "ATMDatabase", "{31E4F205-D4FD-4F78-B9D0-B073274B9A24}"
EndProject
Project("{FAE04EC0-301F-11D3-BF4B-00C04F79EFBC}") = "ATM.Models", "ATM.Models\ATM.Models.csproj", "{BE09C160-39FB-4DE0-9C8C-712133167682}"
EndProject
Project("{FAE04EC0-301F-11D3-BF4B-00C04F79EFBC}") = "ATM.Data", "ATM.Data\ATM.Data.csproj", "{11B6843A-3DEB-4547-AFE2-10AC8C1ABDDA}"
EndProject
Project("{FAE04EC0-301F-11D3-BF4B-00C04F79EFBC}") = "ATM.ConsoleClient", "ATM.ConsoleClient\ATM.ConsoleClient.csproj", "{43CAEE99-D904-4DC3-B8A1-E340C0919B44}"
EndProject
Global
	GlobalSection(SolutionConfigurationPlatforms) = preSolution
		Debug|Any CPU = Debug|Any CPU
		Release|Any CPU = Release|Any CPU
	EndGlobalSection
	GlobalSection(ProjectConfigurationPlatforms) = postSolution
		{05B11A82-A16C-4FFC-909A-43A5D8596DDD}.Debug|Any CPU.ActiveCfg = Debug|Any CPU
		{05B11A82-A16C-4FFC-909A-43A5D8596DDD}.Debug|Any CPU.Build.0 = Debug|Any CPU
		{05B11A82-A16C-4FFC-909A-43A5D8596DDD}.Release|Any CPU.ActiveCfg = Release|Any CPU
		{05B11A82-A16C-4FFC-909A-43A5D8596DDD}.Release|Any CPU.Build.0 = Release|Any CPU
		{D41FD340-1AF9-45D0-9FAE-5D20FA1461E0}.Debug|Any CPU.ActiveCfg = Debug|Any CPU
		{D41FD340-1AF9-45D0-9FAE-5D20FA1461E0}.Debug|Any CPU.Build.0 = Debug|Any CPU
		{D41FD340-1AF9-45D0-9FAE-5D20FA1461E0}.Release|Any CPU.ActiveCfg = Release|Any CPU
		{D41FD340-1AF9-45D0-9FAE-5D20FA1461E0}.Release|Any CPU.Build.0 = Release|Any CPU
		{4459526C-20D2-4FD0-87E0-AA1F898EB9C3}.Debug|Any CPU.ActiveCfg = Debug|Any CPU
		{4459526C-20D2-4FD0-87E0-AA1F898EB9C3}.Debug|Any CPU.Build.0 = Debug|Any CPU
		{4459526C-20D2-4FD0-87E0-AA1F898EB9C3}.Release|Any CPU.ActiveCfg = Release|Any CPU
		{4459526C-20D2-4FD0-87E0-AA1F898EB9C3}.Release|Any CPU.Build.0 = Release|Any CPU
		{BE09C160-39FB-4DE0-9C8C-712133167682}.Debug|Any CPU.ActiveCfg = Debug|Any CPU
		{BE09C160-39FB-4DE0-9C8C-712133167682}.Debug|Any CPU.Build.0 = Debug|Any CPU
		{BE09C160-39FB-4DE0-9C8C-712133167682}.Release|Any CPU.ActiveCfg = Release|Any CPU
		{BE09C160-39FB-4DE0-9C8C-712133167682}.Release|Any CPU.Build.0 = Release|Any CPU
		{11B6843A-3DEB-4547-AFE2-10AC8C1ABDDA}.Debug|Any CPU.ActiveCfg = Debug|Any CPU
		{11B6843A-3DEB-4547-AFE2-10AC8C1ABDDA}.Debug|Any CPU.Build.0 = Debug|Any CPU
		{11B6843A-3DEB-4547-AFE2-10AC8C1ABDDA}.Release|Any CPU.ActiveCfg = Release|Any CPU
		{11B6843A-3DEB-4547-AFE2-10AC8C1ABDDA}.Release|Any CPU.Build.0 = Release|Any CPU
		{43CAEE99-D904-4DC3-B8A1-E340C0919B44}.Debug|Any CPU.ActiveCfg = Debug|Any CPU
		{43CAEE99-D904-4DC3-B8A1-E340C0919B44}.Debug|Any CPU.Build.0 = Debug|Any CPU
		{43CAEE99-D904-4DC3-B8A1-E340C0919B44}.Release|Any CPU.ActiveCfg = Release|Any CPU
		{43CAEE99-D904-4DC3-B8A1-E340C0919B44}.Release|Any CPU.Build.0 = Release|Any CPU
	EndGlobalSection
	GlobalSection(SolutionProperties) = preSolution
		HideSolutionNode = FALSE
	EndGlobalSection
	GlobalSection(NestedProjects) = preSolution
		{05B11A82-A16C-4FFC-909A-43A5D8596DDD} = {ECD9AF25-8F62-4392-A632-4E713DD6F170}
		{D41FD340-1AF9-45D0-9FAE-5D20FA1461E0} = {ECD9AF25-8F62-4392-A632-4E713DD6F170}
		{4459526C-20D2-4FD0-87E0-AA1F898EB9C3} = {ECD9AF25-8F62-4392-A632-4E713DD6F170}
		{BE09C160-39FB-4DE0-9C8C-712133167682} = {31E4F205-D4FD-4F78-B9D0-B073274B9A24}
		{11B6843A-3DEB-4547-AFE2-10AC8C1ABDDA} = {31E4F205-D4FD-4F78-B9D0-B073274B9A24}
		{43CAEE99-D904-4DC3-B8A1-E340C0919B44} = {31E4F205-D4FD-4F78-B9D0-B073274B9A24}
	EndGlobalSection
EndGlobal
