
Microsoft Visual Studio Solution File, Format Version 12.00
# Visual Studio 2013
VisualStudioVersion = 12.0.31101.0
MinimumVisualStudioVersion = 10.0.40219.1
Project("{FAE04EC0-301F-11D3-BF4B-00C04F79EFBC}") = "BookShopSystem.Models", "BookShopSystem.Models\BookShopSystem.Models.csproj", "{CA90C2AC-BC95-46A9-839E-33C647EFA812}"
EndProject
Project("{FAE04EC0-301F-11D3-BF4B-00C04F79EFBC}") = "BookShopSystem.Data", "BookShopSystem.Data\BookShopSystem.Data.csproj", "{6300E904-0BD7-470F-A008-34F74DE72838}"
EndProject
Project("{FAE04EC0-301F-11D3-BF4B-00C04F79EFBC}") = "BookShopSystem.ConsoleClient", "BookShopSystem.ConsoleClient\BookShopSystem.ConsoleClient.csproj", "{5B5BB310-080A-4EAC-940A-89FB3FA7CA40}"
EndProject
Global
	GlobalSection(SolutionConfigurationPlatforms) = preSolution
		Debug|Any CPU = Debug|Any CPU
		Release|Any CPU = Release|Any CPU
	EndGlobalSection
	GlobalSection(ProjectConfigurationPlatforms) = postSolution
		{CA90C2AC-BC95-46A9-839E-33C647EFA812}.Debug|Any CPU.ActiveCfg = Debug|Any CPU
		{CA90C2AC-BC95-46A9-839E-33C647EFA812}.Debug|Any CPU.Build.0 = Debug|Any CPU
		{CA90C2AC-BC95-46A9-839E-33C647EFA812}.Release|Any CPU.ActiveCfg = Release|Any CPU
		{CA90C2AC-BC95-46A9-839E-33C647EFA812}.Release|Any CPU.Build.0 = Release|Any CPU
		{6300E904-0BD7-470F-A008-34F74DE72838}.Debug|Any CPU.ActiveCfg = Debug|Any CPU
		{6300E904-0BD7-470F-A008-34F74DE72838}.Debug|Any CPU.Build.0 = Debug|Any CPU
		{6300E904-0BD7-470F-A008-34F74DE72838}.Release|Any CPU.ActiveCfg = Release|Any CPU
		{6300E904-0BD7-470F-A008-34F74DE72838}.Release|Any CPU.Build.0 = Release|Any CPU
		{5B5BB310-080A-4EAC-940A-89FB3FA7CA40}.Debug|Any CPU.ActiveCfg = Debug|Any CPU
		{5B5BB310-080A-4EAC-940A-89FB3FA7CA40}.Debug|Any CPU.Build.0 = Debug|Any CPU
		{5B5BB310-080A-4EAC-940A-89FB3FA7CA40}.Release|Any CPU.ActiveCfg = Release|Any CPU
		{5B5BB310-080A-4EAC-940A-89FB3FA7CA40}.Release|Any CPU.Build.0 = Release|Any CPU
	EndGlobalSection
	GlobalSection(SolutionProperties) = preSolution
		HideSolutionNode = FALSE
	EndGlobalSection
EndGlobal
