
Microsoft Visual Studio Solution File, Format Version 12.00
# Visual Studio 2013
VisualStudioVersion = 12.0.31101.0
MinimumVisualStudioVersion = 10.0.40219.1
Project("{FAE04EC0-301F-11D3-BF4B-00C04F79EFBC}") = "01. ShowDataFromRelatedTables", "01. ShowDataFromRelatedTables\01. ShowDataFromRelatedTables.csproj", "{4DDE691C-6E9A-40AE-B446-B375C7A9FAFC}"
EndProject
Project("{FAE04EC0-301F-11D3-BF4B-00C04F79EFBC}") = "02. ToList", "02. ToList\02. ToList.csproj", "{670CDE95-820F-4539-9187-CFEEBC32855B}"
EndProject
Project("{FAE04EC0-301F-11D3-BF4B-00C04F79EFBC}") = "Selects", "Selects\Selects.csproj", "{C05081EC-A4DC-4937-92B7-71B5C10F6ABE}"
EndProject
Global
	GlobalSection(SolutionConfigurationPlatforms) = preSolution
		Debug|Any CPU = Debug|Any CPU
		Release|Any CPU = Release|Any CPU
	EndGlobalSection
	GlobalSection(ProjectConfigurationPlatforms) = postSolution
		{4DDE691C-6E9A-40AE-B446-B375C7A9FAFC}.Debug|Any CPU.ActiveCfg = Debug|Any CPU
		{4DDE691C-6E9A-40AE-B446-B375C7A9FAFC}.Debug|Any CPU.Build.0 = Debug|Any CPU
		{4DDE691C-6E9A-40AE-B446-B375C7A9FAFC}.Release|Any CPU.ActiveCfg = Release|Any CPU
		{4DDE691C-6E9A-40AE-B446-B375C7A9FAFC}.Release|Any CPU.Build.0 = Release|Any CPU
		{670CDE95-820F-4539-9187-CFEEBC32855B}.Debug|Any CPU.ActiveCfg = Debug|Any CPU
		{670CDE95-820F-4539-9187-CFEEBC32855B}.Debug|Any CPU.Build.0 = Debug|Any CPU
		{670CDE95-820F-4539-9187-CFEEBC32855B}.Release|Any CPU.ActiveCfg = Release|Any CPU
		{670CDE95-820F-4539-9187-CFEEBC32855B}.Release|Any CPU.Build.0 = Release|Any CPU
		{C05081EC-A4DC-4937-92B7-71B5C10F6ABE}.Debug|Any CPU.ActiveCfg = Debug|Any CPU
		{C05081EC-A4DC-4937-92B7-71B5C10F6ABE}.Debug|Any CPU.Build.0 = Debug|Any CPU
		{C05081EC-A4DC-4937-92B7-71B5C10F6ABE}.Release|Any CPU.ActiveCfg = Release|Any CPU
		{C05081EC-A4DC-4937-92B7-71B5C10F6ABE}.Release|Any CPU.Build.0 = Release|Any CPU
	EndGlobalSection
	GlobalSection(SolutionProperties) = preSolution
		HideSolutionNode = FALSE
	EndGlobalSection
EndGlobal
